{
  "requires": true,
  "lockfileVersion": 1,
  "dependencies": {
    "gsap": {
      "version": "2.1.3",
      "resolved": "https://registry.npmjs.org/gsap/-/gsap-2.1.3.tgz",
      "integrity": "sha512-8RFASCqi2FOCBuv7X4o7M6bLdy+1hbR0azg+MG7zz+EVsI+OmJblYsTk0GEepQd2Jg/ItMPiVTibF7r3EVxjZQ=="
    },
    "hover-effect": {
      "version": "1.1.0",
      "resolved": "https://registry.npmjs.org/hover-effect/-/hover-effect-1.1.0.tgz",
      "integrity": "sha512-172ezjW88PYOHEerHzQWmkMXaAx4hOerE+BQ3iAN+n3Xza+TczuJKgkYlCaHhcGFUdG7is/1UcepCJECNeFscg==",
      "requires": {
        "gsap": "^2.0.2",
        "three": "^0.99.0"
      }
    },
    "jquery.marquee": {
      "version": "1.5.0",
      "resolved": "https://registry.npmjs.org/jquery.marquee/-/jquery.marquee-1.5.0.tgz",
      "integrity": "sha1-LWXiq7K5JABUETvE1nbMuY7qXqI="
    },
    "three": {
      "version": "0.99.0",
      "resolved": "https://registry.npmjs.org/three/-/three-0.99.0.tgz",
      "integrity": "sha512-DmNNq6H6nRGaqxScJ8x7v5VjdtDZR72oTVwDdKbB2BYNFxCkAoo9vdFAznEsMu9YzTV2yFvbVs7qHRzvJZzTIg=="
    }
  }
}
